
Microsoft Visual Studio Solution File, Format Version 12.00
# Visual Studio 15
VisualStudioVersion = 15.0.27130.2036
MinimumVisualStudioVersion = 10.0.40219.1
Project("{FAE04EC0-301F-11D3-BF4B-00C04F79EFBC}") = "KOTApp.Android", "KOTApp\KOTApp.Android\KOTApp.Android.csproj", "{D82FCB5F-7DF1-4FDB-B973-096547AB63E5}"
EndProject
Project("{FAE04EC0-301F-11D3-BF4B-00C04F79EFBC}") = "KOTApp.iOS", "KOTApp\KOTApp.iOS\KOTApp.iOS.csproj", "{32590104-57DD-4D1F-BAEA-26E8A05CADCD}"
EndProject
Project("{FAE04EC0-301F-11D3-BF4B-00C04F79EFBC}") = "KOTApp.UWP", "KOTApp\KOTApp.UWP\KOTApp.UWP.csproj", "{DE2BDC97-04F1-48DA-AD3C-E22E40D32DAB}"
EndProject
Project("{FAE04EC0-301F-11D3-BF4B-00C04F79EFBC}") = "KOTApp", "KOTApp\KOTApp\KOTApp.csproj", "{431ED604-BEF6-4407-AF09-2D317FAE117B}"
EndProject
Global
	GlobalSection(SolutionConfigurationPlatforms) = preSolution
		Ad-Hoc|Any CPU = Ad-Hoc|Any CPU
		Ad-Hoc|ARM = Ad-Hoc|ARM
		Ad-Hoc|iPhone = Ad-Hoc|iPhone
		Ad-Hoc|iPhoneSimulator = Ad-Hoc|iPhoneSimulator
		Ad-Hoc|x64 = Ad-Hoc|x64
		Ad-Hoc|x86 = Ad-Hoc|x86
		AppStore|Any CPU = AppStore|Any CPU
		AppStore|ARM = AppStore|ARM
		AppStore|iPhone = AppStore|iPhone
		AppStore|iPhoneSimulator = AppStore|iPhoneSimulator
		AppStore|x64 = AppStore|x64
		AppStore|x86 = AppStore|x86
		Debug|Any CPU = Debug|Any CPU
		Debug|ARM = Debug|ARM
		Debug|iPhone = Debug|iPhone
		Debug|iPhoneSimulator = Debug|iPhoneSimulator
		Debug|x64 = Debug|x64
		Debug|x86 = Debug|x86
		Release|Any CPU = Release|Any CPU
		Release|ARM = Release|ARM
		Release|iPhone = Release|iPhone
		Release|iPhoneSimulator = Release|iPhoneSimulator
		Release|x64 = Release|x64
		Release|x86 = Release|x86
	EndGlobalSection
	GlobalSection(ProjectConfigurationPlatforms) = postSolution
		{D82FCB5F-7DF1-4FDB-B973-096547AB63E5}.Ad-Hoc|Any CPU.ActiveCfg = Release|Any CPU
		{D82FCB5F-7DF1-4FDB-B973-096547AB63E5}.Ad-Hoc|Any CPU.Build.0 = Release|Any CPU
		{D82FCB5F-7DF1-4FDB-B973-096547AB63E5}.Ad-Hoc|Any CPU.Deploy.0 = Release|Any CPU
		{D82FCB5F-7DF1-4FDB-B973-096547AB63E5}.Ad-Hoc|ARM.ActiveCfg = Release|Any CPU
		{D82FCB5F-7DF1-4FDB-B973-096547AB63E5}.Ad-Hoc|ARM.Build.0 = Release|Any CPU
		{D82FCB5F-7DF1-4FDB-B973-096547AB63E5}.Ad-Hoc|ARM.Deploy.0 = Release|Any CPU
		{D82FCB5F-7DF1-4FDB-B973-096547AB63E5}.Ad-Hoc|iPhone.ActiveCfg = Release|Any CPU
		{D82FCB5F-7DF1-4FDB-B973-096547AB63E5}.Ad-Hoc|iPhone.Build.0 = Release|Any CPU
		{D82FCB5F-7DF1-4FDB-B973-096547AB63E5}.Ad-Hoc|iPhone.Deploy.0 = Release|Any CPU
		{D82FCB5F-7DF1-4FDB-B973-096547AB63E5}.Ad-Hoc|iPhoneSimulator.ActiveCfg = Release|Any CPU
		{D82FCB5F-7DF1-4FDB-B973-096547AB63E5}.Ad-Hoc|iPhoneSimulator.Build.0 = Release|Any CPU
		{D82FCB5F-7DF1-4FDB-B973-096547AB63E5}.Ad-Hoc|iPhoneSimulator.Deploy.0 = Release|Any CPU
		{D82FCB5F-7DF1-4FDB-B973-096547AB63E5}.Ad-Hoc|x64.ActiveCfg = Release|Any CPU
		{D82FCB5F-7DF1-4FDB-B973-096547AB63E5}.Ad-Hoc|x64.Build.0 = Release|Any CPU
		{D82FCB5F-7DF1-4FDB-B973-096547AB63E5}.Ad-Hoc|x64.Deploy.0 = Release|Any CPU
		{D82FCB5F-7DF1-4FDB-B973-096547AB63E5}.Ad-Hoc|x86.ActiveCfg = Release|Any CPU
		{D82FCB5F-7DF1-4FDB-B973-096547AB63E5}.Ad-Hoc|x86.Build.0 = Release|Any CPU
		{D82FCB5F-7DF1-4FDB-B973-096547AB63E5}.Ad-Hoc|x86.Deploy.0 = Release|Any CPU
		{D82FCB5F-7DF1-4FDB-B973-096547AB63E5}.AppStore|Any CPU.ActiveCfg = Release|Any CPU
		{D82FCB5F-7DF1-4FDB-B973-096547AB63E5}.AppStore|Any CPU.Build.0 = Release|Any CPU
		{D82FCB5F-7DF1-4FDB-B973-096547AB63E5}.AppStore|Any CPU.Deploy.0 = Release|Any CPU
		{D82FCB5F-7DF1-4FDB-B973-096547AB63E5}.AppStore|ARM.ActiveCfg = Release|Any CPU
		{D82FCB5F-7DF1-4FDB-B973-096547AB63E5}.AppStore|ARM.Build.0 = Release|Any CPU
		{D82FCB5F-7DF1-4FDB-B973-096547AB63E5}.AppStore|ARM.Deploy.0 = Release|Any CPU
		{D82FCB5F-7DF1-4FDB-B973-096547AB63E5}.AppStore|iPhone.ActiveCfg = Release|Any CPU
		{D82FCB5F-7DF1-4FDB-B973-096547AB63E5}.AppStore|iPhone.Build.0 = Release|Any CPU
		{D82FCB5F-7DF1-4FDB-B973-096547AB63E5}.AppStore|iPhone.Deploy.0 = Release|Any CPU
		{D82FCB5F-7DF1-4FDB-B973-096547AB63E5}.AppStore|iPhoneSimulator.ActiveCfg = Release|Any CPU
		{D82FCB5F-7DF1-4FDB-B973-096547AB63E5}.AppStore|iPhoneSimulator.Build.0 = Release|Any CPU
		{D82FCB5F-7DF1-4FDB-B973-096547AB63E5}.AppStore|iPhoneSimulator.Deploy.0 = Release|Any CPU
		{D82FCB5F-7DF1-4FDB-B973-096547AB63E5}.AppStore|x64.ActiveCfg = Release|Any CPU
		{D82FCB5F-7DF1-4FDB-B973-096547AB63E5}.AppStore|x64.Build.0 = Release|Any CPU
		{D82FCB5F-7DF1-4FDB-B973-096547AB63E5}.AppStore|x64.Deploy.0 = Release|Any CPU
		{D82FCB5F-7DF1-4FDB-B973-096547AB63E5}.AppStore|x86.ActiveCfg = Release|Any CPU
		{D82FCB5F-7DF1-4FDB-B973-096547AB63E5}.AppStore|x86.Build.0 = Release|Any CPU
		{D82FCB5F-7DF1-4FDB-B973-096547AB63E5}.AppStore|x86.Deploy.0 = Release|Any CPU
		{D82FCB5F-7DF1-4FDB-B973-096547AB63E5}.Debug|Any CPU.ActiveCfg = Debug|Any CPU
		{D82FCB5F-7DF1-4FDB-B973-096547AB63E5}.Debug|Any CPU.Build.0 = Debug|Any CPU
		{D82FCB5F-7DF1-4FDB-B973-096547AB63E5}.Debug|Any CPU.Deploy.0 = Debug|Any CPU
		{D82FCB5F-7DF1-4FDB-B973-096547AB63E5}.Debug|ARM.ActiveCfg = Debug|Any CPU
		{D82FCB5F-7DF1-4FDB-B973-096547AB63E5}.Debug|ARM.Build.0 = Debug|Any CPU
		{D82FCB5F-7DF1-4FDB-B973-096547AB63E5}.Debug|ARM.Deploy.0 = Debug|Any CPU
		{D82FCB5F-7DF1-4FDB-B973-096547AB63E5}.Debug|iPhone.ActiveCfg = Debug|Any CPU
		{D82FCB5F-7DF1-4FDB-B973-096547AB63E5}.Debug|iPhone.Build.0 = Debug|Any CPU
		{D82FCB5F-7DF1-4FDB-B973-096547AB63E5}.Debug|iPhone.Deploy.0 = Debug|Any CPU
		{D82FCB5F-7DF1-4FDB-B973-096547AB63E5}.Debug|iPhoneSimulator.ActiveCfg = Debug|Any CPU
		{D82FCB5F-7DF1-4FDB-B973-096547AB63E5}.Debug|iPhoneSimulator.Build.0 = Debug|Any CPU
		{D82FCB5F-7DF1-4FDB-B973-096547AB63E5}.Debug|iPhoneSimulator.Deploy.0 = Debug|Any CPU
		{D82FCB5F-7DF1-4FDB-B973-096547AB63E5}.Debug|x64.ActiveCfg = Debug|Any CPU
		{D82FCB5F-7DF1-4FDB-B973-096547AB63E5}.Debug|x64.Build.0 = Debug|Any CPU
		{D82FCB5F-7DF1-4FDB-B973-096547AB63E5}.Debug|x64.Deploy.0 = Debug|Any CPU
		{D82FCB5F-7DF1-4FDB-B973-096547AB63E5}.Debug|x86.ActiveCfg = Debug|Any CPU
		{D82FCB5F-7DF1-4FDB-B973-096547AB63E5}.Debug|x86.Build.0 = Debug|Any CPU
		{D82FCB5F-7DF1-4FDB-B973-096547AB63E5}.Debug|x86.Deploy.0 = Debug|Any CPU
		{D82FCB5F-7DF1-4FDB-B973-096547AB63E5}.Release|Any CPU.ActiveCfg = Release|Any CPU
		{D82FCB5F-7DF1-4FDB-B973-096547AB63E5}.Release|Any CPU.Build.0 = Release|Any CPU
		{D82FCB5F-7DF1-4FDB-B973-096547AB63E5}.Release|Any CPU.Deploy.0 = Release|Any CPU
		{D82FCB5F-7DF1-4FDB-B973-096547AB63E5}.Release|ARM.ActiveCfg = Release|Any CPU
		{D82FCB5F-7DF1-4FDB-B973-096547AB63E5}.Release|ARM.Build.0 = Release|Any CPU
		{D82FCB5F-7DF1-4FDB-B973-096547AB63E5}.Release|ARM.Deploy.0 = Release|Any CPU
		{D82FCB5F-7DF1-4FDB-B973-096547AB63E5}.Release|iPhone.ActiveCfg = Release|Any CPU
		{D82FCB5F-7DF1-4FDB-B973-096547AB63E5}.Release|iPhone.Build.0 = Release|Any CPU
		{D82FCB5F-7DF1-4FDB-B973-096547AB63E5}.Release|iPhone.Deploy.0 = Release|Any CPU
		{D82FCB5F-7DF1-4FDB-B973-096547AB63E5}.Release|iPhoneSimulator.ActiveCfg = Release|Any CPU
		{D82FCB5F-7DF1-4FDB-B973-096547AB63E5}.Release|iPhoneSimulator.Build.0 = Release|Any CPU
		{D82FCB5F-7DF1-4FDB-B973-096547AB63E5}.Release|iPhoneSimulator.Deploy.0 = Release|Any CPU
		{D82FCB5F-7DF1-4FDB-B973-096547AB63E5}.Release|x64.ActiveCfg = Release|Any CPU
		{D82FCB5F-7DF1-4FDB-B973-096547AB63E5}.Release|x64.Build.0 = Release|Any CPU
		{D82FCB5F-7DF1-4FDB-B973-096547AB63E5}.Release|x64.Deploy.0 = Release|Any CPU
		{D82FCB5F-7DF1-4FDB-B973-096547AB63E5}.Release|x86.ActiveCfg = Release|Any CPU
		{D82FCB5F-7DF1-4FDB-B973-096547AB63E5}.Release|x86.Build.0 = Release|Any CPU
		{D82FCB5F-7DF1-4FDB-B973-096547AB63E5}.Release|x86.Deploy.0 = Release|Any CPU
		{32590104-57DD-4D1F-BAEA-26E8A05CADCD}.Ad-Hoc|Any CPU.ActiveCfg = Ad-Hoc|iPhone
		{32590104-57DD-4D1F-BAEA-26E8A05CADCD}.Ad-Hoc|ARM.ActiveCfg = Ad-Hoc|iPhone
		{32590104-57DD-4D1F-BAEA-26E8A05CADCD}.Ad-Hoc|iPhone.ActiveCfg = Ad-Hoc|iPhone
		{32590104-57DD-4D1F-BAEA-26E8A05CADCD}.Ad-Hoc|iPhone.Build.0 = Ad-Hoc|iPhone
		{32590104-57DD-4D1F-BAEA-26E8A05CADCD}.Ad-Hoc|iPhoneSimulator.ActiveCfg = Ad-Hoc|iPhoneSimulator
		{32590104-57DD-4D1F-BAEA-26E8A05CADCD}.Ad-Hoc|iPhoneSimulator.Build.0 = Ad-Hoc|iPhoneSimulator
		{32590104-57DD-4D1F-BAEA-26E8A05CADCD}.Ad-Hoc|x64.ActiveCfg = Ad-Hoc|iPhone
		{32590104-57DD-4D1F-BAEA-26E8A05CADCD}.Ad-Hoc|x86.ActiveCfg = Ad-Hoc|iPhone
		{32590104-57DD-4D1F-BAEA-26E8A05CADCD}.AppStore|Any CPU.ActiveCfg = AppStore|iPhone
		{32590104-57DD-4D1F-BAEA-26E8A05CADCD}.AppStore|ARM.ActiveCfg = AppStore|iPhone
		{32590104-57DD-4D1F-BAEA-26E8A05CADCD}.AppStore|iPhone.ActiveCfg = AppStore|iPhone
		{32590104-57DD-4D1F-BAEA-26E8A05CADCD}.AppStore|iPhone.Build.0 = AppStore|iPhone
		{32590104-57DD-4D1F-BAEA-26E8A05CADCD}.AppStore|iPhoneSimulator.ActiveCfg = AppStore|iPhoneSimulator
		{32590104-57DD-4D1F-BAEA-26E8A05CADCD}.AppStore|iPhoneSimulator.Build.0 = AppStore|iPhoneSimulator
		{32590104-57DD-4D1F-BAEA-26E8A05CADCD}.AppStore|x64.ActiveCfg = AppStore|iPhone
		{32590104-57DD-4D1F-BAEA-26E8A05CADCD}.AppStore|x86.ActiveCfg = AppStore|iPhone
		{32590104-57DD-4D1F-BAEA-26E8A05CADCD}.Debug|Any CPU.ActiveCfg = Debug|iPhone
		{32590104-57DD-4D1F-BAEA-26E8A05CADCD}.Debug|ARM.ActiveCfg = Debug|iPhone
		{32590104-57DD-4D1F-BAEA-26E8A05CADCD}.Debug|iPhone.ActiveCfg = Debug|iPhone
		{32590104-57DD-4D1F-BAEA-26E8A05CADCD}.Debug|iPhone.Build.0 = Debug|iPhone
		{32590104-57DD-4D1F-BAEA-26E8A05CADCD}.Debug|iPhoneSimulator.ActiveCfg = Debug|iPhoneSimulator
		{32590104-57DD-4D1F-BAEA-26E8A05CADCD}.Debug|iPhoneSimulator.Build.0 = Debug|iPhoneSimulator
		{32590104-57DD-4D1F-BAEA-26E8A05CADCD}.Debug|x64.ActiveCfg = Debug|iPhone
		{32590104-57DD-4D1F-BAEA-26E8A05CADCD}.Debug|x86.ActiveCfg = Debug|iPhone
		{32590104-57DD-4D1F-BAEA-26E8A05CADCD}.Release|Any CPU.ActiveCfg = Release|iPhone
		{32590104-57DD-4D1F-BAEA-26E8A05CADCD}.Release|ARM.ActiveCfg = Release|iPhone
		{32590104-57DD-4D1F-BAEA-26E8A05CADCD}.Release|iPhone.ActiveCfg = Release|iPhone
		{32590104-57DD-4D1F-BAEA-26E8A05CADCD}.Release|iPhone.Build.0 = Release|iPhone
		{32590104-57DD-4D1F-BAEA-26E8A05CADCD}.Release|iPhoneSimulator.ActiveCfg = Release|iPhoneSimulator
		{32590104-57DD-4D1F-BAEA-26E8A05CADCD}.Release|iPhoneSimulator.Build.0 = Release|iPhoneSimulator
		{32590104-57DD-4D1F-BAEA-26E8A05CADCD}.Release|x64.ActiveCfg = Release|iPhone
		{32590104-57DD-4D1F-BAEA-26E8A05CADCD}.Release|x86.ActiveCfg = Release|iPhone
		{DE2BDC97-04F1-48DA-AD3C-E22E40D32DAB}.Ad-Hoc|Any CPU.ActiveCfg = Release|x86
		{DE2BDC97-04F1-48DA-AD3C-E22E40D32DAB}.Ad-Hoc|Any CPU.Build.0 = Release|x86
		{DE2BDC97-04F1-48DA-AD3C-E22E40D32DAB}.Ad-Hoc|Any CPU.Deploy.0 = Release|x86
		{DE2BDC97-04F1-48DA-AD3C-E22E40D32DAB}.Ad-Hoc|ARM.ActiveCfg = Release|ARM
		{DE2BDC97-04F1-48DA-AD3C-E22E40D32DAB}.Ad-Hoc|ARM.Build.0 = Release|ARM
		{DE2BDC97-04F1-48DA-AD3C-E22E40D32DAB}.Ad-Hoc|ARM.Deploy.0 = Release|ARM
		{DE2BDC97-04F1-48DA-AD3C-E22E40D32DAB}.Ad-Hoc|iPhone.ActiveCfg = Release|x86
		{DE2BDC97-04F1-48DA-AD3C-E22E40D32DAB}.Ad-Hoc|iPhone.Build.0 = Release|x86
		{DE2BDC97-04F1-48DA-AD3C-E22E40D32DAB}.Ad-Hoc|iPhone.Deploy.0 = Release|x86
		{DE2BDC97-04F1-48DA-AD3C-E22E40D32DAB}.Ad-Hoc|iPhoneSimulator.ActiveCfg = Release|x86
		{DE2BDC97-04F1-48DA-AD3C-E22E40D32DAB}.Ad-Hoc|iPhoneSimulator.Build.0 = Release|x86
		{DE2BDC97-04F1-48DA-AD3C-E22E40D32DAB}.Ad-Hoc|iPhoneSimulator.Deploy.0 = Release|x86
		{DE2BDC97-04F1-48DA-AD3C-E22E40D32DAB}.Ad-Hoc|x64.ActiveCfg = Release|x64
		{DE2BDC97-04F1-48DA-AD3C-E22E40D32DAB}.Ad-Hoc|x64.Build.0 = Release|x64
		{DE2BDC97-04F1-48DA-AD3C-E22E40D32DAB}.Ad-Hoc|x64.Deploy.0 = Release|x64
		{DE2BDC97-04F1-48DA-AD3C-E22E40D32DAB}.Ad-Hoc|x86.ActiveCfg = Release|x86
		{DE2BDC97-04F1-48DA-AD3C-E22E40D32DAB}.Ad-Hoc|x86.Build.0 = Release|x86
		{DE2BDC97-04F1-48DA-AD3C-E22E40D32DAB}.Ad-Hoc|x86.Deploy.0 = Release|x86
		{DE2BDC97-04F1-48DA-AD3C-E22E40D32DAB}.AppStore|Any CPU.ActiveCfg = Release|x86
		{DE2BDC97-04F1-48DA-AD3C-E22E40D32DAB}.AppStore|Any CPU.Build.0 = Release|x86
		{DE2BDC97-04F1-48DA-AD3C-E22E40D32DAB}.AppStore|Any CPU.Deploy.0 = Release|x86
		{DE2BDC97-04F1-48DA-AD3C-E22E40D32DAB}.AppStore|ARM.ActiveCfg = Release|ARM
		{DE2BDC97-04F1-48DA-AD3C-E22E40D32DAB}.AppStore|ARM.Build.0 = Release|ARM
		{DE2BDC97-04F1-48DA-AD3C-E22E40D32DAB}.AppStore|ARM.Deploy.0 = Release|ARM
		{DE2BDC97-04F1-48DA-AD3C-E22E40D32DAB}.AppStore|iPhone.ActiveCfg = Release|x86
		{DE2BDC97-04F1-48DA-AD3C-E22E40D32DAB}.AppStore|iPhone.Build.0 = Release|x86
		{DE2BDC97-04F1-48DA-AD3C-E22E40D32DAB}.AppStore|iPhone.Deploy.0 = Release|x86
		{DE2BDC97-04F1-48DA-AD3C-E22E40D32DAB}.AppStore|iPhoneSimulator.ActiveCfg = Release|x86
		{DE2BDC97-04F1-48DA-AD3C-E22E40D32DAB}.AppStore|iPhoneSimulator.Build.0 = Release|x86
		{DE2BDC97-04F1-48DA-AD3C-E22E40D32DAB}.AppStore|iPhoneSimulator.Deploy.0 = Release|x86
		{DE2BDC97-04F1-48DA-AD3C-E22E40D32DAB}.AppStore|x64.ActiveCfg = Release|x64
		{DE2BDC97-04F1-48DA-AD3C-E22E40D32DAB}.AppStore|x64.Build.0 = Release|x64
		{DE2BDC97-04F1-48DA-AD3C-E22E40D32DAB}.AppStore|x64.Deploy.0 = Release|x64
		{DE2BDC97-04F1-48DA-AD3C-E22E40D32DAB}.AppStore|x86.ActiveCfg = Release|x86
		{DE2BDC97-04F1-48DA-AD3C-E22E40D32DAB}.AppStore|x86.Build.0 = Release|x86
		{DE2BDC97-04F1-48DA-AD3C-E22E40D32DAB}.AppStore|x86.Deploy.0 = Release|x86
		{DE2BDC97-04F1-48DA-AD3C-E22E40D32DAB}.Debug|Any CPU.ActiveCfg = Debug|x86
		{DE2BDC97-04F1-48DA-AD3C-E22E40D32DAB}.Debug|ARM.ActiveCfg = Debug|ARM
		{DE2BDC97-04F1-48DA-AD3C-E22E40D32DAB}.Debug|ARM.Build.0 = Debug|ARM
		{DE2BDC97-04F1-48DA-AD3C-E22E40D32DAB}.Debug|ARM.Deploy.0 = Debug|ARM
		{DE2BDC97-04F1-48DA-AD3C-E22E40D32DAB}.Debug|iPhone.ActiveCfg = Debug|x86
		{DE2BDC97-04F1-48DA-AD3C-E22E40D32DAB}.Debug|iPhoneSimulator.ActiveCfg = Debug|x86
		{DE2BDC97-04F1-48DA-AD3C-E22E40D32DAB}.Debug|x64.ActiveCfg = Debug|x64
		{DE2BDC97-04F1-48DA-AD3C-E22E40D32DAB}.Debug|x64.Build.0 = Debug|x64
		{DE2BDC97-04F1-48DA-AD3C-E22E40D32DAB}.Debug|x64.Deploy.0 = Debug|x64
		{DE2BDC97-04F1-48DA-AD3C-E22E40D32DAB}.Debug|x86.ActiveCfg = Debug|x86
		{DE2BDC97-04F1-48DA-AD3C-E22E40D32DAB}.Debug|x86.Build.0 = Debug|x86
		{DE2BDC97-04F1-48DA-AD3C-E22E40D32DAB}.Debug|x86.Deploy.0 = Debug|x86
		{DE2BDC97-04F1-48DA-AD3C-E22E40D32DAB}.Release|Any CPU.ActiveCfg = Release|x86
		{DE2BDC97-04F1-48DA-AD3C-E22E40D32DAB}.Release|ARM.ActiveCfg = Release|ARM
		{DE2BDC97-04F1-48DA-AD3C-E22E40D32DAB}.Release|ARM.Build.0 = Release|ARM
		{DE2BDC97-04F1-48DA-AD3C-E22E40D32DAB}.Release|ARM.Deploy.0 = Release|ARM
		{DE2BDC97-04F1-48DA-AD3C-E22E40D32DAB}.Release|iPhone.ActiveCfg = Release|x86
		{DE2BDC97-04F1-48DA-AD3C-E22E40D32DAB}.Release|iPhoneSimulator.ActiveCfg = Release|x86
		{DE2BDC97-04F1-48DA-AD3C-E22E40D32DAB}.Release|x64.ActiveCfg = Release|x64
		{DE2BDC97-04F1-48DA-AD3C-E22E40D32DAB}.Release|x64.Build.0 = Release|x64
		{DE2BDC97-04F1-48DA-AD3C-E22E40D32DAB}.Release|x64.Deploy.0 = Release|x64
		{DE2BDC97-04F1-48DA-AD3C-E22E40D32DAB}.Release|x86.ActiveCfg = Release|x86
		{DE2BDC97-04F1-48DA-AD3C-E22E40D32DAB}.Release|x86.Build.0 = Release|x86
		{DE2BDC97-04F1-48DA-AD3C-E22E40D32DAB}.Release|x86.Deploy.0 = Release|x86
		{431ED604-BEF6-4407-AF09-2D317FAE117B}.Ad-Hoc|Any CPU.ActiveCfg = Debug|Any CPU
		{431ED604-BEF6-4407-AF09-2D317FAE117B}.Ad-Hoc|Any CPU.Build.0 = Debug|Any CPU
		{431ED604-BEF6-4407-AF09-2D317FAE117B}.Ad-Hoc|ARM.ActiveCfg = Debug|Any CPU
		{431ED604-BEF6-4407-AF09-2D317FAE117B}.Ad-Hoc|ARM.Build.0 = Debug|Any CPU
		{431ED604-BEF6-4407-AF09-2D317FAE117B}.Ad-Hoc|iPhone.ActiveCfg = Debug|Any CPU
		{431ED604-BEF6-4407-AF09-2D317FAE117B}.Ad-Hoc|iPhone.Build.0 = Debug|Any CPU
		{431ED604-BEF6-4407-AF09-2D317FAE117B}.Ad-Hoc|iPhoneSimulator.ActiveCfg = Debug|Any CPU
		{431ED604-BEF6-4407-AF09-2D317FAE117B}.Ad-Hoc|iPhoneSimulator.Build.0 = Debug|Any CPU
		{431ED604-BEF6-4407-AF09-2D317FAE117B}.Ad-Hoc|x64.ActiveCfg = Debug|Any CPU
		{431ED604-BEF6-4407-AF09-2D317FAE117B}.Ad-Hoc|x64.Build.0 = Debug|Any CPU
		{431ED604-BEF6-4407-AF09-2D317FAE117B}.Ad-Hoc|x86.ActiveCfg = Debug|Any CPU
		{431ED604-BEF6-4407-AF09-2D317FAE117B}.Ad-Hoc|x86.Build.0 = Debug|Any CPU
		{431ED604-BEF6-4407-AF09-2D317FAE117B}.AppStore|Any CPU.ActiveCfg = Debug|Any CPU
		{431ED604-BEF6-4407-AF09-2D317FAE117B}.AppStore|Any CPU.Build.0 = Debug|Any CPU
		{431ED604-BEF6-4407-AF09-2D317FAE117B}.AppStore|ARM.ActiveCfg = Debug|Any CPU
		{431ED604-BEF6-4407-AF09-2D317FAE117B}.AppStore|ARM.Build.0 = Debug|Any CPU
		{431ED604-BEF6-4407-AF09-2D317FAE117B}.AppStore|iPhone.ActiveCfg = Debug|Any CPU
		{431ED604-BEF6-4407-AF09-2D317FAE117B}.AppStore|iPhone.Build.0 = Debug|Any CPU
		{431ED604-BEF6-4407-AF09-2D317FAE117B}.AppStore|iPhoneSimulator.ActiveCfg = Debug|Any CPU
		{431ED604-BEF6-4407-AF09-2D317FAE117B}.AppStore|iPhoneSimulator.Build.0 = Debug|Any CPU
		{431ED604-BEF6-4407-AF09-2D317FAE117B}.AppStore|x64.ActiveCfg = Debug|Any CPU
		{431ED604-BEF6-4407-AF09-2D317FAE117B}.AppStore|x64.Build.0 = Debug|Any CPU
		{431ED604-BEF6-4407-AF09-2D317FAE117B}.AppStore|x86.ActiveCfg = Debug|Any CPU
		{431ED604-BEF6-4407-AF09-2D317FAE117B}.AppStore|x86.Build.0 = Debug|Any CPU
		{431ED604-BEF6-4407-AF09-2D317FAE117B}.Debug|Any CPU.ActiveCfg = Debug|Any CPU
		{431ED604-BEF6-4407-AF09-2D317FAE117B}.Debug|Any CPU.Build.0 = Debug|Any CPU
		{431ED604-BEF6-4407-AF09-2D317FAE117B}.Debug|ARM.ActiveCfg = Debug|Any CPU
		{431ED604-BEF6-4407-AF09-2D317FAE117B}.Debug|ARM.Build.0 = Debug|Any CPU
		{431ED604-BEF6-4407-AF09-2D317FAE117B}.Debug|iPhone.ActiveCfg = Debug|Any CPU
		{431ED604-BEF6-4407-AF09-2D317FAE117B}.Debug|iPhone.Build.0 = Debug|Any CPU
		{431ED604-BEF6-4407-AF09-2D317FAE117B}.Debug|iPhoneSimulator.ActiveCfg = Debug|Any CPU
		{431ED604-BEF6-4407-AF09-2D317FAE117B}.Debug|iPhoneSimulator.Build.0 = Debug|Any CPU
		{431ED604-BEF6-4407-AF09-2D317FAE117B}.Debug|x64.ActiveCfg = Debug|Any CPU
		{431ED604-BEF6-4407-AF09-2D317FAE117B}.Debug|x64.Build.0 = Debug|Any CPU
		{431ED604-BEF6-4407-AF09-2D317FAE117B}.Debug|x86.ActiveCfg = Debug|Any CPU
		{431ED604-BEF6-4407-AF09-2D317FAE117B}.Debug|x86.Build.0 = Debug|Any CPU
		{431ED604-BEF6-4407-AF09-2D317FAE117B}.Release|Any CPU.ActiveCfg = Release|Any CPU
		{431ED604-BEF6-4407-AF09-2D317FAE117B}.Release|Any CPU.Build.0 = Release|Any CPU
		{431ED604-BEF6-4407-AF09-2D317FAE117B}.Release|ARM.ActiveCfg = Release|Any CPU
		{431ED604-BEF6-4407-AF09-2D317FAE117B}.Release|ARM.Build.0 = Release|Any CPU
		{431ED604-BEF6-4407-AF09-2D317FAE117B}.Release|iPhone.ActiveCfg = Release|Any CPU
		{431ED604-BEF6-4407-AF09-2D317FAE117B}.Release|iPhone.Build.0 = Release|Any CPU
		{431ED604-BEF6-4407-AF09-2D317FAE117B}.Release|iPhoneSimulator.ActiveCfg = Release|Any CPU
		{431ED604-BEF6-4407-AF09-2D317FAE117B}.Release|iPhoneSimulator.Build.0 = Release|Any CPU
		{431ED604-BEF6-4407-AF09-2D317FAE117B}.Release|x64.ActiveCfg = Release|Any CPU
		{431ED604-BEF6-4407-AF09-2D317FAE117B}.Release|x64.Build.0 = Release|Any CPU
		{431ED604-BEF6-4407-AF09-2D317FAE117B}.Release|x86.ActiveCfg = Release|Any CPU
		{431ED604-BEF6-4407-AF09-2D317FAE117B}.Release|x86.Build.0 = Release|Any CPU
	EndGlobalSection
	GlobalSection(SolutionProperties) = preSolution
		HideSolutionNode = FALSE
	EndGlobalSection
	GlobalSection(ExtensibilityGlobals) = postSolution
		SolutionGuid = {263ADFC3-4C65-4C6C-A87C-68E559F79227}
	EndGlobalSection
EndGlobal
